
Microsoft Visual Studio Solution File, Format Version 12.00
# Visual Studio Version 17
VisualStudioVersion = 17.1.32228.430
MinimumVisualStudioVersion = 10.0.40219.1
Project("{8BC9CEB8-8B4A-11D0-8D11-00A0C91BC942}") = "snek", "snek\snek.vcxproj", "{C5EC7B6E-1A5C-40A6-901E-705B1D5F98CB}"
EndProject
Global
	GlobalSection(SolutionConfigurationPlatforms) = preSolution
		Debug|x64 = Debug|x64
		Debug|x86 = Debug|x86
		Release|x64 = Release|x64
		Release|x86 = Release|x86
	EndGlobalSection
	GlobalSection(ProjectConfigurationPlatforms) = postSolution
		{C5EC7B6E-1A5C-40A6-901E-705B1D5F98CB}.Debug|x64.ActiveCfg = Debug|x64
		{C5EC7B6E-1A5C-40A6-901E-705B1D5F98CB}.Debug|x64.Build.0 = Debug|x64
		{C5EC7B6E-1A5C-40A6-901E-705B1D5F98CB}.Debug|x86.ActiveCfg = Debug|Win32
		{C5EC7B6E-1A5C-40A6-901E-705B1D5F98CB}.Debug|x86.Build.0 = Debug|Win32
		{C5EC7B6E-1A5C-40A6-901E-705B1D5F98CB}.Release|x64.ActiveCfg = Release|x64
		{C5EC7B6E-1A5C-40A6-901E-705B1D5F98CB}.Release|x64.Build.0 = Release|x64
		{C5EC7B6E-1A5C-40A6-901E-705B1D5F98CB}.Release|x86.ActiveCfg = Release|Win32
		{C5EC7B6E-1A5C-40A6-901E-705B1D5F98CB}.Release|x86.Build.0 = Release|Win32
	EndGlobalSection
	GlobalSection(SolutionProperties) = preSolution
		HideSolutionNode = FALSE
	EndGlobalSection
	GlobalSection(ExtensibilityGlobals) = postSolution
		SolutionGuid = {52827DF1-BA8F-4213-9811-0D2E11834276}
	EndGlobalSection
EndGlobal
